// !$*UTF8*$!
{
	archiveVersion = 1;
	classes = {
	};
	objectVersion = 46;
	objects = {

/* Begin PBXBuildFile section */
		3E19CEDC1B954E9F007080FA /* Invite.png in Resources */ = {isa = PBXBuildFile; fileRef = 3E19CED61B954E9F007080FA /* Invite.png */; };
		3E19CEDD1B954E9F007080FA /* Leader.png in Resources */ = {isa = PBXBuildFile; fileRef = 3E19CED71B954E9F007080FA /* Leader.png */; };
		3E19CEDE1B954E9F007080FA /* Mail.png in Resources */ = {isa = PBXBuildFile; fileRef = 3E19CED81B954E9F007080FA /* Mail.png */; };
		3E19CEDF1B954E9F007080FA /* NoSound.png in Resources */ = {isa = PBXBuildFile; fileRef = 3E19CED91B954E9F007080FA /* NoSound.png */; };
		3E19CEE01B954E9F007080FA /* Shop.png in Resources */ = {isa = PBXBuildFile; fileRef = 3E19CEDA1B954E9F007080FA /* Shop.png */; };
		3E19CEE11B954E9F007080FA /* Sound.png in Resources */ = {isa = PBXBuildFile; fileRef = 3E19CEDB1B954E9F007080FA /* Sound.png */; };
		3E1AD4701B8D686D00EB38A2 /* MKAnnotationView+WebCache.m in Sources */ = {isa = PBXBuildFile; fileRef = 3E1AD4501B8D686D00EB38A2 /* MKAnnotationView+WebCache.m */; };
		3E1AD4711B8D686D00EB38A2 /* NSData+ImageContentType.m in Sources */ = {isa = PBXBuildFile; fileRef = 3E1AD4521B8D686D00EB38A2 /* NSData+ImageContentType.m */; };
		3E1AD4721B8D686D00EB38A2 /* SDImageCache.m in Sources */ = {isa = PBXBuildFile; fileRef = 3E1AD4541B8D686D00EB38A2 /* SDImageCache.m */; };
		3E1AD4731B8D686D00EB38A2 /* SDWebImageCompat.m in Sources */ = {isa = PBXBuildFile; fileRef = 3E1AD4561B8D686D00EB38A2 /* SDWebImageCompat.m */; };
		3E1AD4741B8D686D00EB38A2 /* SDWebImageDecoder.m in Sources */ = {isa = PBXBuildFile; fileRef = 3E1AD4581B8D686D00EB38A2 /* SDWebImageDecoder.m */; };
		3E1AD4751B8D686D00EB38A2 /* SDWebImageDownloader.m in Sources */ = {isa = PBXBuildFile; fileRef = 3E1AD45A1B8D686D00EB38A2 /* SDWebImageDownloader.m */; };
		3E1AD4761B8D686D00EB38A2 /* SDWebImageDownloaderOperation.m in Sources */ = {isa = PBXBuildFile; fileRef = 3E1AD45C1B8D686D00EB38A2 /* SDWebImageDownloaderOperation.m */; };
		3E1AD4771B8D686D00EB38A2 /* SDWebImageManager.m in Sources */ = {isa = PBXBuildFile; fileRef = 3E1AD45E1B8D686D00EB38A2 /* SDWebImageManager.m */; };
		3E1AD4781B8D686D00EB38A2 /* SDWebImagePrefetcher.m in Sources */ = {isa = PBXBuildFile; fileRef = 3E1AD4611B8D686D00EB38A2 /* SDWebImagePrefetcher.m */; };
		3E1AD4791B8D686D00EB38A2 /* UIButton+WebCache.m in Sources */ = {isa = PBXBuildFile; fileRef = 3E1AD4631B8D686D00EB38A2 /* UIButton+WebCache.m */; };
		3E1AD47A1B8D686D00EB38A2 /* UIImage+GIF.m in Sources */ = {isa = PBXBuildFile; fileRef = 3E1AD4651B8D686D00EB38A2 /* UIImage+GIF.m */; };
		3E1AD47B1B8D686D00EB38A2 /* UIImage+MultiFormat.m in Sources */ = {isa = PBXBuildFile; fileRef = 3E1AD4671B8D686D00EB38A2 /* UIImage+MultiFormat.m */; };
		3E1AD47C1B8D686D00EB38A2 /* UIImage+WebP.m in Sources */ = {isa = PBXBuildFile; fileRef = 3E1AD4691B8D686D00EB38A2 /* UIImage+WebP.m */; };
		3E1AD47D1B8D686D00EB38A2 /* UIImageView+HighlightedWebCache.m in Sources */ = {isa = PBXBuildFile; fileRef = 3E1AD46B1B8D686D00EB38A2 /* UIImageView+HighlightedWebCache.m */; };
		3E1AD47E1B8D686D00EB38A2 /* UIImageView+WebCache.m in Sources */ = {isa = PBXBuildFile; fileRef = 3E1AD46D1B8D686D00EB38A2 /* UIImageView+WebCache.m */; };
		3E1AD47F1B8D686D00EB38A2 /* UIView+WebCacheOperation.m in Sources */ = {isa = PBXBuildFile; fileRef = 3E1AD46F1B8D686D00EB38A2 /* UIView+WebCacheOperation.m */; };
		3E1AD4821B8DA00300EB38A2 /* person_icon.png in Resources */ = {isa = PBXBuildFile; fileRef = 3E1AD4811B8DA00300EB38A2 /* person_icon.png */; };
		3E1AD4841B8DB32B00EB38A2 /* img_del_btn.png in Resources */ = {isa = PBXBuildFile; fileRef = 3E1AD4831B8DB32B00EB38A2 /* img_del_btn.png */; };
		3E2623D51B590F2800E8A4C4 /* load_01.png in Resources */ = {isa = PBXBuildFile; fileRef = 3E2623CF1B590F2800E8A4C4 /* load_01.png */; };
		3E2623D61B590F2800E8A4C4 /* load_02.png in Resources */ = {isa = PBXBuildFile; fileRef = 3E2623D01B590F2800E8A4C4 /* load_02.png */; };
		3E2623D71B590F2800E8A4C4 /* load_03.png in Resources */ = {isa = PBXBuildFile; fileRef = 3E2623D11B590F2800E8A4C4 /* load_03.png */; };
		3E2623D81B590F2800E8A4C4 /* load_04.png in Resources */ = {isa = PBXBuildFile; fileRef = 3E2623D21B590F2800E8A4C4 /* load_04.png */; };
		3E2623D91B590F2800E8A4C4 /* load_05.png in Resources */ = {isa = PBXBuildFile; fileRef = 3E2623D31B590F2800E8A4C4 /* load_05.png */; };
		3E2623DA1B590F2800E8A4C4 /* load_06.png in Resources */ = {isa = PBXBuildFile; fileRef = 3E2623D41B590F2800E8A4C4 /* load_06.png */; };
		3E39A1921B70A23D009BF144 /* SlideImage.swift in Sources */ = {isa = PBXBuildFile; fileRef = 3E39A1911B70A23D009BF144 /* SlideImage.swift */; };
		3E39A1941B70C1A9009BF144 /* aa.jpg in Resources */ = {isa = PBXBuildFile; fileRef = 3E39A1931B70C1A9009BF144 /* aa.jpg */; };
		3E39A1961B70C1B1009BF144 /* bb.jpg in Resources */ = {isa = PBXBuildFile; fileRef = 3E39A1951B70C1B1009BF144 /* bb.jpg */; };
		3E39A1981B70CB81009BF144 /* cc.jpg in Resources */ = {isa = PBXBuildFile; fileRef = 3E39A1971B70CB81009BF144 /* cc.jpg */; };
		3E5159CE1B93E9FC00C4B385 /* HowToPlay.png in Resources */ = {isa = PBXBuildFile; fileRef = 3E5159CD1B93E9FC00C4B385 /* HowToPlay.png */; };
		3EA9CA851B5CD0160035A609 /* loading.png in Resources */ = {isa = PBXBuildFile; fileRef = 3EA9CA841B5CD0160035A609 /* loading.png */; };
		3EA9CA871B5CD7740035A609 /* LoadingController.swift in Sources */ = {isa = PBXBuildFile; fileRef = 3EA9CA861B5CD7740035A609 /* LoadingController.swift */; };
		3EAB56C91B68B1E5002F105D /* EffectButton.swift in Sources */ = {isa = PBXBuildFile; fileRef = 3EAB56C81B68B1E5002F105D /* EffectButton.swift */; };
		3EAF47CA1B93E53D00227B19 /* MenuItems.swift in Sources */ = {isa = PBXBuildFile; fileRef = 3EAF47C91B93E53D00227B19 /* MenuItems.swift */; };
		3EC5A5471B8C0A810007BB76 /* SlideCollectionView.swift in Sources */ = {isa = PBXBuildFile; fileRef = 3EC5A5461B8C0A810007BB76 /* SlideCollectionView.swift */; };
		3EC611401B54EC520084C403 /* MenuTranform.swift in Sources */ = {isa = PBXBuildFile; fileRef = 3EC6113F1B54EC520084C403 /* MenuTranform.swift */; };
		3ECA5FF61B58BBB9009B260B /* PullToRefreshController.swift in Sources */ = {isa = PBXBuildFile; fileRef = 3ECA5FF51B58BBB9009B260B /* PullToRefreshController.swift */; };
		3ECFCE2C1B4F7C7700A2C12E /* AppDelegate.swift in Sources */ = {isa = PBXBuildFile; fileRef = 3ECFCE2B1B4F7C7700A2C12E /* AppDelegate.swift */; };
		3ECFCE2E1B4F7C7700A2C12E /* ViewController.swift in Sources */ = {isa = PBXBuildFile; fileRef = 3ECFCE2D1B4F7C7700A2C12E /* ViewController.swift */; };
		3ECFCE311B4F7C7700A2C12E /* Main.storyboard in Resources */ = {isa = PBXBuildFile; fileRef = 3ECFCE2F1B4F7C7700A2C12E /* Main.storyboard */; };
		3ECFCE331B4F7C7700A2C12E /* Images.xcassets in Resources */ = {isa = PBXBuildFile; fileRef = 3ECFCE321B4F7C7700A2C12E /* Images.xcassets */; };
		3ECFCE361B4F7C7700A2C12E /* LaunchScreen.xib in Resources */ = {isa = PBXBuildFile; fileRef = 3ECFCE341B4F7C7700A2C12E /* LaunchScreen.xib */; };
		3ECFCE421B4F7C7700A2C12E /* BehaviorUIKitTests.swift in Sources */ = {isa = PBXBuildFile; fileRef = 3ECFCE411B4F7C7700A2C12E /* BehaviorUIKitTests.swift */; };
		3EDA246B1B573FC9009CCD25 /* icon_refresh.png in Resources */ = {isa = PBXBuildFile; fileRef = 3EDA246A1B573FC9009CCD25 /* icon_refresh.png */; };
		3EDA246D1B57403F009CCD25 /* RotationController.swift in Sources */ = {isa = PBXBuildFile; fileRef = 3EDA246C1B57403F009CCD25 /* RotationController.swift */; };
/* End PBXBuildFile section */

/* Begin PBXContainerItemProxy section */
		3ECFCE3C1B4F7C7700A2C12E /* PBXContainerItemProxy */ = {
			isa = PBXContainerItemProxy;
			containerPortal = 3ECFCE1E1B4F7C7700A2C12E /* Project object */;
			proxyType = 1;
			remoteGlobalIDString = 3ECFCE251B4F7C7700A2C12E;
			remoteInfo = BehaviorUIKit;
		};
/* End PBXContainerItemProxy section */

/* Begin PBXFileReference section */
		3E19CED61B954E9F007080FA /* Invite.png */ = {isa = PBXFileReference; lastKnownFileType = image.png; path = Invite.png; sourceTree = "<group>"; };
		3E19CED71B954E9F007080FA /* Leader.png */ = {isa = PBXFileReference; lastKnownFileType = image.png; path = Leader.png; sourceTree = "<group>"; };
		3E19CED81B954E9F007080FA /* Mail.png */ = {isa = PBXFileReference; lastKnownFileType = image.png; path = Mail.png; sourceTree = "<group>"; };
		3E19CED91B954E9F007080FA /* NoSound.png */ = {isa = PBXFileReference; lastKnownFileType = image.png; path = NoSound.png; sourceTree = "<group>"; };
		3E19CEDA1B954E9F007080FA /* Shop.png */ = {isa = PBXFileReference; lastKnownFileType = image.png; path = Shop.png; sourceTree = "<group>"; };
		3E19CEDB1B954E9F007080FA /* Sound.png */ = {isa = PBXFileReference; lastKnownFileType = image.png; path = Sound.png; sourceTree = "<group>"; };
		3E1AD44F1B8D686D00EB38A2 /* MKAnnotationView+WebCache.h */ = {isa = PBXFileReference; fileEncoding = 4; lastKnownFileType = sourcecode.c.h; path = "MKAnnotationView+WebCache.h"; sourceTree = "<group>"; };
		3E1AD4501B8D686D00EB38A2 /* MKAnnotationView+WebCache.m */ = {isa = PBXFileReference; fileEncoding = 4; lastKnownFileType = sourcecode.c.objc; path = "MKAnnotationView+WebCache.m"; sourceTree = "<group>"; };
		3E1AD4511B8D686D00EB38A2 /* NSData+ImageContentType.h */ = {isa = PBXFileReference; fileEncoding = 4; lastKnownFileType = sourcecode.c.h; path = "NSData+ImageContentType.h"; sourceTree = "<group>"; };
		3E1AD4521B8D686D00EB38A2 /* NSData+ImageContentType.m */ = {isa = PBXFileReference; fileEncoding = 4; lastKnownFileType = sourcecode.c.objc; path = "NSData+ImageContentType.m"; sourceTree = "<group>"; };
		3E1AD4531B8D686D00EB38A2 /* SDImageCache.h */ = {isa = PBXFileReference; fileEncoding = 4; lastKnownFileType = sourcecode.c.h; path = SDImageCache.h; sourceTree = "<group>"; };
		3E1AD4541B8D686D00EB38A2 /* SDImageCache.m */ = {isa = PBXFileReference; fileEncoding = 4; lastKnownFileType = sourcecode.c.objc; path = SDImageCache.m; sourceTree = "<group>"; };
		3E1AD4551B8D686D00EB38A2 /* SDWebImageCompat.h */ = {isa = PBXFileReference; fileEncoding = 4; lastKnownFileType = sourcecode.c.h; path = SDWebImageCompat.h; sourceTree = "<group>"; };
		3E1AD4561B8D686D00EB38A2 /* SDWebImageCompat.m */ = {isa = PBXFileReference; fileEncoding = 4; lastKnownFileType = sourcecode.c.objc; path = SDWebImageCompat.m; sourceTree = "<group>"; };
		3E1AD4571B8D686D00EB38A2 /* SDWebImageDecoder.h */ = {isa = PBXFileReference; fileEncoding = 4; lastKnownFileType = sourcecode.c.h; path = SDWebImageDecoder.h; sourceTree = "<group>"; };
		3E1AD4581B8D686D00EB38A2 /* SDWebImageDecoder.m */ = {isa = PBXFileReference; fileEncoding = 4; lastKnownFileType = sourcecode.c.objc; path = SDWebImageDecoder.m; sourceTree = "<group>"; };
		3E1AD4591B8D686D00EB38A2 /* SDWebImageDownloader.h */ = {isa = PBXFileReference; fileEncoding = 4; lastKnownFileType = sourcecode.c.h; path = SDWebImageDownloader.h; sourceTree = "<group>"; };
		3E1AD45A1B8D686D00EB38A2 /* SDWebImageDownloader.m */ = {isa = PBXFileReference; fileEncoding = 4; lastKnownFileType = sourcecode.c.objc; path = SDWebImageDownloader.m; sourceTree = "<group>"; };
		3E1AD45B1B8D686D00EB38A2 /* SDWebImageDownloaderOperation.h */ = {isa = PBXFileReference; fileEncoding = 4; lastKnownFileType = sourcecode.c.h; path = SDWebImageDownloaderOperation.h; sourceTree = "<group>"; };
		3E1AD45C1B8D686D00EB38A2 /* SDWebImageDownloaderOperation.m */ = {isa = PBXFileReference; fileEncoding = 4; lastKnownFileType = sourcecode.c.objc; path = SDWebImageDownloaderOperation.m; sourceTree = "<group>"; };
		3E1AD45D1B8D686D00EB38A2 /* SDWebImageManager.h */ = {isa = PBXFileReference; fileEncoding = 4; lastKnownFileType = sourcecode.c.h; path = SDWebImageManager.h; sourceTree = "<group>"; };
		3E1AD45E1B8D686D00EB38A2 /* SDWebImageManager.m */ = {isa = PBXFileReference; fileEncoding = 4; lastKnownFileType = sourcecode.c.objc; path = SDWebImageManager.m; sourceTree = "<group>"; };
		3E1AD45F1B8D686D00EB38A2 /* SDWebImageOperation.h */ = {isa = PBXFileReference; fileEncoding = 4; lastKnownFileType = sourcecode.c.h; path = SDWebImageOperation.h; sourceTree = "<group>"; };
		3E1AD4601B8D686D00EB38A2 /* SDWebImagePrefetcher.h */ = {isa = PBXFileReference; fileEncoding = 4; lastKnownFileType = sourcecode.c.h; path = SDWebImagePrefetcher.h; sourceTree = "<group>"; };
		3E1AD4611B8D686D00EB38A2 /* SDWebImagePrefetcher.m */ = {isa = PBXFileReference; fileEncoding = 4; lastKnownFileType = sourcecode.c.objc; path = SDWebImagePrefetcher.m; sourceTree = "<group>"; };
		3E1AD4621B8D686D00EB38A2 /* UIButton+WebCache.h */ = {isa = PBXFileReference; fileEncoding = 4; lastKnownFileType = sourcecode.c.h; path = "UIButton+WebCache.h"; sourceTree = "<group>"; };
		3E1AD4631B8D686D00EB38A2 /* UIButton+WebCache.m */ = {isa = PBXFileReference; fileEncoding = 4; lastKnownFileType = sourcecode.c.objc; path = "UIButton+WebCache.m"; sourceTree = "<group>"; };
		3E1AD4641B8D686D00EB38A2 /* UIImage+GIF.h */ = {isa = PBXFileReference; fileEncoding = 4; lastKnownFileType = sourcecode.c.h; path = "UIImage+GIF.h"; sourceTree = "<group>"; };
		3E1AD4651B8D686D00EB38A2 /* UIImage+GIF.m */ = {isa = PBXFileReference; fileEncoding = 4; lastKnownFileType = sourcecode.c.objc; path = "UIImage+GIF.m"; sourceTree = "<group>"; };
		3E1AD4661B8D686D00EB38A2 /* UIImage+MultiFormat.h */ = {isa = PBXFileReference; fileEncoding = 4; lastKnownFileType = sourcecode.c.h; path = "UIImage+MultiFormat.h"; sourceTree = "<group>"; };
		3E1AD4671B8D686D00EB38A2 /* UIImage+MultiFormat.m */ = {isa = PBXFileReference; fileEncoding = 4; lastKnownFileType = sourcecode.c.objc; path = "UIImage+MultiFormat.m"; sourceTree = "<group>"; };
		3E1AD4681B8D686D00EB38A2 /* UIImage+WebP.h */ = {isa = PBXFileReference; fileEncoding = 4; lastKnownFileType = sourcecode.c.h; path = "UIImage+WebP.h"; sourceTree = "<group>"; };
		3E1AD4691B8D686D00EB38A2 /* UIImage+WebP.m */ = {isa = PBXFileReference; fileEncoding = 4; lastKnownFileType = sourcecode.c.objc; path = "UIImage+WebP.m"; sourceTree = "<group>"; };
		3E1AD46A1B8D686D00EB38A2 /* UIImageView+HighlightedWebCache.h */ = {isa = PBXFileReference; fileEncoding = 4; lastKnownFileType = sourcecode.c.h; path = "UIImageView+HighlightedWebCache.h"; sourceTree = "<group>"; };
		3E1AD46B1B8D686D00EB38A2 /* UIImageView+HighlightedWebCache.m */ = {isa = PBXFileReference; fileEncoding = 4; lastKnownFileType = sourcecode.c.objc; path = "UIImageView+HighlightedWebCache.m"; sourceTree = "<group>"; };
		3E1AD46C1B8D686D00EB38A2 /* UIImageView+WebCache.h */ = {isa = PBXFileReference; fileEncoding = 4; lastKnownFileType = sourcecode.c.h; path = "UIImageView+WebCache.h"; sourceTree = "<group>"; };
		3E1AD46D1B8D686D00EB38A2 /* UIImageView+WebCache.m */ = {isa = PBXFileReference; fileEncoding = 4; lastKnownFileType = sourcecode.c.objc; path = "UIImageView+WebCache.m"; sourceTree = "<group>"; };
		3E1AD46E1B8D686D00EB38A2 /* UIView+WebCacheOperation.h */ = {isa = PBXFileReference; fileEncoding = 4; lastKnownFileType = sourcecode.c.h; path = "UIView+WebCacheOperation.h"; sourceTree = "<group>"; };
		3E1AD46F1B8D686D00EB38A2 /* UIView+WebCacheOperation.m */ = {isa = PBXFileReference; fileEncoding = 4; lastKnownFileType = sourcecode.c.objc; path = "UIView+WebCacheOperation.m"; sourceTree = "<group>"; };
		3E1AD4801B8D690B00EB38A2 /* BehaviorUIKit-Bridging-Header.h */ = {isa = PBXFileReference; fileEncoding = 4; lastKnownFileType = sourcecode.c.h; path = "BehaviorUIKit-Bridging-Header.h"; sourceTree = "<group>"; };
		3E1AD4811B8DA00300EB38A2 /* person_icon.png */ = {isa = PBXFileReference; lastKnownFileType = image.png; path = person_icon.png; sourceTree = "<group>"; };
		3E1AD4831B8DB32B00EB38A2 /* img_del_btn.png */ = {isa = PBXFileReference; lastKnownFileType = image.png; path = img_del_btn.png; sourceTree = "<group>"; };
		3E2623CF1B590F2800E8A4C4 /* load_01.png */ = {isa = PBXFileReference; lastKnownFileType = image.png; path = load_01.png; sourceTree = "<group>"; };
		3E2623D01B590F2800E8A4C4 /* load_02.png */ = {isa = PBXFileReference; lastKnownFileType = image.png; path = load_02.png; sourceTree = "<group>"; };
		3E2623D11B590F2800E8A4C4 /* load_03.png */ = {isa = PBXFileReference; lastKnownFileType = image.png; path = load_03.png; sourceTree = "<group>"; };
		3E2623D21B590F2800E8A4C4 /* load_04.png */ = {isa = PBXFileReference; lastKnownFileType = image.png; path = load_04.png; sourceTree = "<group>"; };
		3E2623D31B590F2800E8A4C4 /* load_05.png */ = {isa = PBXFileReference; lastKnownFileType = image.png; path = load_05.png; sourceTree = "<group>"; };
		3E2623D41B590F2800E8A4C4 /* load_06.png */ = {isa = PBXFileReference; lastKnownFileType = image.png; path = load_06.png; sourceTree = "<group>"; };
		3E39A1911B70A23D009BF144 /* SlideImage.swift */ = {isa = PBXFileReference; fileEncoding = 4; lastKnownFileType = sourcecode.swift; path = SlideImage.swift; sourceTree = "<group>"; };
		3E39A1931B70C1A9009BF144 /* aa.jpg */ = {isa = PBXFileReference; lastKnownFileType = image.jpeg; path = aa.jpg; sourceTree = "<group>"; };
		3E39A1951B70C1B1009BF144 /* bb.jpg */ = {isa = PBXFileReference; lastKnownFileType = image.jpeg; path = bb.jpg; sourceTree = "<group>"; };
		3E39A1971B70CB81009BF144 /* cc.jpg */ = {isa = PBXFileReference; lastKnownFileType = image.jpeg; path = cc.jpg; sourceTree = "<group>"; };
		3E5159CD1B93E9FC00C4B385 /* HowToPlay.png */ = {isa = PBXFileReference; lastKnownFileType = image.png; path = HowToPlay.png; sourceTree = "<group>"; };
		3EA9CA841B5CD0160035A609 /* loading.png */ = {isa = PBXFileReference; lastKnownFileType = image.png; path = loading.png; sourceTree = "<group>"; };
		3EA9CA861B5CD7740035A609 /* LoadingController.swift */ = {isa = PBXFileReference; fileEncoding = 4; lastKnownFileType = sourcecode.swift; path = LoadingController.swift; sourceTree = "<group>"; };
		3EAB56C81B68B1E5002F105D /* EffectButton.swift */ = {isa = PBXFileReference; fileEncoding = 4; lastKnownFileType = sourcecode.swift; path = EffectButton.swift; sourceTree = "<group>"; };
		3EAF47C91B93E53D00227B19 /* MenuItems.swift */ = {isa = PBXFileReference; fileEncoding = 4; lastKnownFileType = sourcecode.swift; path = MenuItems.swift; sourceTree = "<group>"; };
		3EC5A5461B8C0A810007BB76 /* SlideCollectionView.swift */ = {isa = PBXFileReference; fileEncoding = 4; lastKnownFileType = sourcecode.swift; path = SlideCollectionView.swift; sourceTree = "<group>"; };
		3EC6113F1B54EC520084C403 /* MenuTranform.swift */ = {isa = PBXFileReference; fileEncoding = 4; lastKnownFileType = sourcecode.swift; path = MenuTranform.swift; sourceTree = "<group>"; };
		3ECA5FF51B58BBB9009B260B /* PullToRefreshController.swift */ = {isa = PBXFileReference; fileEncoding = 4; lastKnownFileType = sourcecode.swift; path = PullToRefreshController.swift; sourceTree = "<group>"; };
		3ECFCE261B4F7C7700A2C12E /* BehaviorUIKit.app */ = {isa = PBXFileReference; explicitFileType = wrapper.application; includeInIndex = 0; path = BehaviorUIKit.app; sourceTree = BUILT_PRODUCTS_DIR; };
		3ECFCE2A1B4F7C7700A2C12E /* Info.plist */ = {isa = PBXFileReference; lastKnownFileType = text.plist.xml; path = Info.plist; sourceTree = "<group>"; };
		3ECFCE2B1B4F7C7700A2C12E /* AppDelegate.swift */ = {isa = PBXFileReference; lastKnownFileType = sourcecode.swift; path = AppDelegate.swift; sourceTree = "<group>"; };
		3ECFCE2D1B4F7C7700A2C12E /* ViewController.swift */ = {isa = PBXFileReference; lastKnownFileType = sourcecode.swift; path = ViewController.swift; sourceTree = "<group>"; };
		3ECFCE301B4F7C7700A2C12E /* Base */ = {isa = PBXFileReference; lastKnownFileType = file.storyboard; name = Base; path = Base.lproj/Main.storyboard; sourceTree = "<group>"; };
		3ECFCE321B4F7C7700A2C12E /* Images.xcassets */ = {isa = PBXFileReference; lastKnownFileType = folder.assetcatalog; path = Images.xcassets; sourceTree = "<group>"; };
		3ECFCE351B4F7C7700A2C12E /* Base */ = {isa = PBXFileReference; lastKnownFileType = file.xib; name = Base; path = Base.lproj/LaunchScreen.xib; sourceTree = "<group>"; };
		3ECFCE3B1B4F7C7700A2C12E /* BehaviorUIKitTests.xctest */ = {isa = PBXFileReference; explicitFileType = wrapper.cfbundle; includeInIndex = 0; path = BehaviorUIKitTests.xctest; sourceTree = BUILT_PRODUCTS_DIR; };
		3ECFCE401B4F7C7700A2C12E /* Info.plist */ = {isa = PBXFileReference; lastKnownFileType = text.plist.xml; path = Info.plist; sourceTree = "<group>"; };
		3ECFCE411B4F7C7700A2C12E /* BehaviorUIKitTests.swift */ = {isa = PBXFileReference; lastKnownFileType = sourcecode.swift; path = BehaviorUIKitTests.swift; sourceTree = "<group>"; };
		3EDA246A1B573FC9009CCD25 /* icon_refresh.png */ = {isa = PBXFileReference; lastKnownFileType = image.png; path = icon_refresh.png; sourceTree = "<group>"; };
		3EDA246C1B57403F009CCD25 /* RotationController.swift */ = {isa = PBXFileReference; fileEncoding = 4; lastKnownFileType = sourcecode.swift; path = RotationController.swift; sourceTree = "<group>"; };
/* End PBXFileReference section */

/* Begin PBXFrameworksBuildPhase section */
		3ECFCE231B4F7C7700A2C12E /* Frameworks */ = {
			isa = PBXFrameworksBuildPhase;
			buildActionMask = 2147483647;
			files = (
			);
			runOnlyForDeploymentPostprocessing = 0;
		};
		3ECFCE381B4F7C7700A2C12E /* Frameworks */ = {
			isa = PBXFrameworksBuildPhase;
			buildActionMask = 2147483647;
			files = (
			);
			runOnlyForDeploymentPostprocessing = 0;
		};
/* End PBXFrameworksBuildPhase section */

/* Begin PBXGroup section */
		3E1AD44E1B8D686D00EB38A2 /* SDWebImage */ = {
			isa = PBXGroup;
			children = (
				3E1AD44F1B8D686D00EB38A2 /* MKAnnotationView+WebCache.h */,
				3E1AD4501B8D686D00EB38A2 /* MKAnnotationView+WebCache.m */,
				3E1AD4511B8D686D00EB38A2 /* NSData+ImageContentType.h */,
				3E1AD4521B8D686D00EB38A2 /* NSData+ImageContentType.m */,
				3E1AD4531B8D686D00EB38A2 /* SDImageCache.h */,
				3E1AD4541B8D686D00EB38A2 /* SDImageCache.m */,
				3E1AD4551B8D686D00EB38A2 /* SDWebImageCompat.h */,
				3E1AD4561B8D686D00EB38A2 /* SDWebImageCompat.m */,
				3E1AD4571B8D686D00EB38A2 /* SDWebImageDecoder.h */,
				3E1AD4581B8D686D00EB38A2 /* SDWebImageDecoder.m */,
				3E1AD4591B8D686D00EB38A2 /* SDWebImageDownloader.h */,
				3E1AD45A1B8D686D00EB38A2 /* SDWebImageDownloader.m */,
				3E1AD45B1B8D686D00EB38A2 /* SDWebImageDownloaderOperation.h */,
				3E1AD45C1B8D686D00EB38A2 /* SDWebImageDownloaderOperation.m */,
				3E1AD45D1B8D686D00EB38A2 /* SDWebImageManager.h */,
				3E1AD45E1B8D686D00EB38A2 /* SDWebImageManager.m */,
				3E1AD45F1B8D686D00EB38A2 /* SDWebImageOperation.h */,
				3E1AD4601B8D686D00EB38A2 /* SDWebImagePrefetcher.h */,
				3E1AD4611B8D686D00EB38A2 /* SDWebImagePrefetcher.m */,
				3E1AD4621B8D686D00EB38A2 /* UIButton+WebCache.h */,
				3E1AD4631B8D686D00EB38A2 /* UIButton+WebCache.m */,
				3E1AD4641B8D686D00EB38A2 /* UIImage+GIF.h */,
				3E1AD4651B8D686D00EB38A2 /* UIImage+GIF.m */,
				3E1AD4661B8D686D00EB38A2 /* UIImage+MultiFormat.h */,
				3E1AD4671B8D686D00EB38A2 /* UIImage+MultiFormat.m */,
				3E1AD4681B8D686D00EB38A2 /* UIImage+WebP.h */,
				3E1AD4691B8D686D00EB38A2 /* UIImage+WebP.m */,
				3E1AD46A1B8D686D00EB38A2 /* UIImageView+HighlightedWebCache.h */,
				3E1AD46B1B8D686D00EB38A2 /* UIImageView+HighlightedWebCache.m */,
				3E1AD46C1B8D686D00EB38A2 /* UIImageView+WebCache.h */,
				3E1AD46D1B8D686D00EB38A2 /* UIImageView+WebCache.m */,
				3E1AD46E1B8D686D00EB38A2 /* UIView+WebCacheOperation.h */,
				3E1AD46F1B8D686D00EB38A2 /* UIView+WebCacheOperation.m */,
			);
			path = SDWebImage;
			sourceTree = "<group>";
		};
		3E2623CE1B590F2800E8A4C4 /* loading Images */ = {
			isa = PBXGroup;
			children = (
				3E2623CF1B590F2800E8A4C4 /* load_01.png */,
				3E2623D01B590F2800E8A4C4 /* load_02.png */,
				3E2623D11B590F2800E8A4C4 /* load_03.png */,
				3E2623D21B590F2800E8A4C4 /* load_04.png */,
				3E2623D31B590F2800E8A4C4 /* load_05.png */,
				3E2623D41B590F2800E8A4C4 /* load_06.png */,
			);
			path = "loading Images";
			sourceTree = "<group>";
		};
		3E5159CB1B93E9C100C4B385 /* ImageMenus */ = {
			isa = PBXGroup;
			children = (
				3E5159CD1B93E9FC00C4B385 /* HowToPlay.png */,
				3E19CED61B954E9F007080FA /* Invite.png */,
				3E19CED71B954E9F007080FA /* Leader.png */,
				3E19CED81B954E9F007080FA /* Mail.png */,
				3E19CED91B954E9F007080FA /* NoSound.png */,
				3E19CEDA1B954E9F007080FA /* Shop.png */,
				3E19CEDB1B954E9F007080FA /* Sound.png */,
			);
			name = ImageMenus;
			sourceTree = "<group>";
		};
		3E5159CC1B93E9CD00C4B385 /* Images */ = {
			isa = PBXGroup;
			children = (
				3E39A1971B70CB81009BF144 /* cc.jpg */,
				3E39A1931B70C1A9009BF144 /* aa.jpg */,
				3E39A1951B70C1B1009BF144 /* bb.jpg */,
				3EA9CA841B5CD0160035A609 /* loading.png */,
				3EDA246A1B573FC9009CCD25 /* icon_refresh.png */,
				3E1AD4811B8DA00300EB38A2 /* person_icon.png */,
				3E1AD4831B8DB32B00EB38A2 /* img_del_btn.png */,
			);
			name = Images;
			sourceTree = "<group>";
		};
		3EAF47CB1B93E55200227B19 /* SMPullToRefresh */ = {
			isa = PBXGroup;
			children = (
				3ECA5FF51B58BBB9009B260B /* PullToRefreshController.swift */,
			);
			name = SMPullToRefresh;
			sourceTree = "<group>";
		};
		3EAF47CC1B93E57E00227B19 /* SMMenu */ = {
			isa = PBXGroup;
			children = (
				3EC6113F1B54EC520084C403 /* MenuTranform.swift */,
				3EAF47C91B93E53D00227B19 /* MenuItems.swift */,
			);
			name = SMMenu;
			sourceTree = "<group>";
		};
		3EAF47CD1B93E5AF00227B19 /* SMSlideImage */ = {
			isa = PBXGroup;
			children = (
				3E39A1911B70A23D009BF144 /* SlideImage.swift */,
				3EC5A5461B8C0A810007BB76 /* SlideCollectionView.swift */,
			);
			name = SMSlideImage;
			sourceTree = "<group>";
		};
		3ECFCE1D1B4F7C7700A2C12E = {
			isa = PBXGroup;
			children = (
				3ECFCE281B4F7C7700A2C12E /* BehaviorUIKit */,
				3ECFCE3E1B4F7C7700A2C12E /* BehaviorUIKitTests */,
				3ECFCE271B4F7C7700A2C12E /* Products */,
			);
			sourceTree = "<group>";
		};
		3ECFCE271B4F7C7700A2C12E /* Products */ = {
			isa = PBXGroup;
			children = (
				3ECFCE261B4F7C7700A2C12E /* BehaviorUIKit.app */,
				3ECFCE3B1B4F7C7700A2C12E /* BehaviorUIKitTests.xctest */,
			);
			name = Products;
			sourceTree = "<group>";
		};
		3ECFCE281B4F7C7700A2C12E /* BehaviorUIKit */ = {
			isa = PBXGroup;
			children = (
				3E2623CE1B590F2800E8A4C4 /* loading Images */,
				3E5159CC1B93E9CD00C4B385 /* Images */,
				3E5159CB1B93E9C100C4B385 /* ImageMenus */,
				3EAF47CD1B93E5AF00227B19 /* SMSlideImage */,
				3EAF47CC1B93E57E00227B19 /* SMMenu */,
				3EAF47CB1B93E55200227B19 /* SMPullToRefresh */,
				3E1AD44E1B8D686D00EB38A2 /* SDWebImage */,
				3ECFCE2B1B4F7C7700A2C12E /* AppDelegate.swift */,
				3ECFCE2D1B4F7C7700A2C12E /* ViewController.swift */,
				3EA9CA861B5CD7740035A609 /* LoadingController.swift */,
				3EAB56C81B68B1E5002F105D /* EffectButton.swift */,
				3EDA246C1B57403F009CCD25 /* RotationController.swift */,
				3ECFCE2F1B4F7C7700A2C12E /* Main.storyboard */,
				3ECFCE321B4F7C7700A2C12E /* Images.xcassets */,
				3ECFCE341B4F7C7700A2C12E /* LaunchScreen.xib */,
				3ECFCE291B4F7C7700A2C12E /* Supporting Files */,
				3E1AD4801B8D690B00EB38A2 /* BehaviorUIKit-Bridging-Header.h */,
			);
			path = BehaviorUIKit;
			sourceTree = "<group>";
		};
		3ECFCE291B4F7C7700A2C12E /* Supporting Files */ = {
			isa = PBXGroup;
			children = (
				3ECFCE2A1B4F7C7700A2C12E /* Info.plist */,
			);
			name = "Supporting Files";
			sourceTree = "<group>";
		};
		3ECFCE3E1B4F7C7700A2C12E /* BehaviorUIKitTests */ = {
			isa = PBXGroup;
			children = (
				3ECFCE411B4F7C7700A2C12E /* BehaviorUIKitTests.swift */,
				3ECFCE3F1B4F7C7700A2C12E /* Supporting Files */,
			);
			path = BehaviorUIKitTests;
			sourceTree = "<group>";
		};
		3ECFCE3F1B4F7C7700A2C12E /* Supporting Files */ = {
			isa = PBXGroup;
			children = (
				3ECFCE401B4F7C7700A2C12E /* Info.plist */,
			);
			name = "Supporting Files";
			sourceTree = "<group>";
		};
/* End PBXGroup section */

/* Begin PBXNativeTarget section */
		3ECFCE251B4F7C7700A2C12E /* BehaviorUIKit */ = {
			isa = PBXNativeTarget;
			buildConfigurationList = 3ECFCE451B4F7C7700A2C12E /* Build configuration list for PBXNativeTarget "BehaviorUIKit" */;
			buildPhases = (
				3ECFCE221B4F7C7700A2C12E /* Sources */,
				3ECFCE231B4F7C7700A2C12E /* Frameworks */,
				3ECFCE241B4F7C7700A2C12E /* Resources */,
			);
			buildRules = (
			);
			dependencies = (
			);
			name = BehaviorUIKit;
			productName = BehaviorUIKit;
			productReference = 3ECFCE261B4F7C7700A2C12E /* BehaviorUIKit.app */;
			productType = "com.apple.product-type.application";
		};
		3ECFCE3A1B4F7C7700A2C12E /* BehaviorUIKitTests */ = {
			isa = PBXNativeTarget;
			buildConfigurationList = 3ECFCE481B4F7C7700A2C12E /* Build configuration list for PBXNativeTarget "BehaviorUIKitTests" */;
			buildPhases = (
				3ECFCE371B4F7C7700A2C12E /* Sources */,
				3ECFCE381B4F7C7700A2C12E /* Frameworks */,
				3ECFCE391B4F7C7700A2C12E /* Resources */,
			);
			buildRules = (
			);
			dependencies = (
				3ECFCE3D1B4F7C7700A2C12E /* PBXTargetDependency */,
			);
			name = BehaviorUIKitTests;
			productName = BehaviorUIKitTests;
			productReference = 3ECFCE3B1B4F7C7700A2C12E /* BehaviorUIKitTests.xctest */;
			productType = "com.apple.product-type.bundle.unit-test";
		};
/* End PBXNativeTarget section */

/* Begin PBXProject section */
		3ECFCE1E1B4F7C7700A2C12E /* Project object */ = {
			isa = PBXProject;
			attributes = {
				LastSwiftUpdateCheck = 0700;
				LastUpgradeCheck = 0630;
				ORGANIZATIONNAME = Kosign;
				TargetAttributes = {
					3ECFCE251B4F7C7700A2C12E = {
						CreatedOnToolsVersion = 6.3.1;
					};
					3ECFCE3A1B4F7C7700A2C12E = {
						CreatedOnToolsVersion = 6.3.1;
						TestTargetID = 3ECFCE251B4F7C7700A2C12E;
					};
				};
			};
			buildConfigurationList = 3ECFCE211B4F7C7700A2C12E /* Build configuration list for PBXProject "BehaviorUIKit" */;
			compatibilityVersion = "Xcode 3.2";
			developmentRegion = English;
			hasScannedForEncodings = 0;
			knownRegions = (
				en,
				Base,
			);
			mainGroup = 3ECFCE1D1B4F7C7700A2C12E;
			productRefGroup = 3ECFCE271B4F7C7700A2C12E /* Products */;
			projectDirPath = "";
			projectRoot = "";
			targets = (
				3ECFCE251B4F7C7700A2C12E /* BehaviorUIKit */,
				3ECFCE3A1B4F7C7700A2C12E /* BehaviorUIKitTests */,
			);
		};
/* End PBXProject section */

/* Begin PBXResourcesBuildPhase section */
		3ECFCE241B4F7C7700A2C12E /* Resources */ = {
			isa = PBXResourcesBuildPhase;
			buildActionMask = 2147483647;
			files = (
				3ECFCE311B4F7C7700A2C12E /* Main.storyboard in Resources */,
				3E2623D81B590F2800E8A4C4 /* load_04.png in Resources */,
				3E19CEDE1B954E9F007080FA /* Mail.png in Resources */,
				3E19CEE11B954E9F007080FA /* Sound.png in Resources */,
				3E39A1941B70C1A9009BF144 /* aa.jpg in Resources */,
				3ECFCE361B4F7C7700A2C12E /* LaunchScreen.xib in Resources */,
				3E19CEDD1B954E9F007080FA /* Leader.png in Resources */,
				3E2623DA1B590F2800E8A4C4 /* load_06.png in Resources */,
				3E2623D91B590F2800E8A4C4 /* load_05.png in Resources */,
				3E19CEDC1B954E9F007080FA /* Invite.png in Resources */,
				3E19CEDF1B954E9F007080FA /* NoSound.png in Resources */,
				3E1AD4841B8DB32B00EB38A2 /* img_del_btn.png in Resources */,
				3E39A1961B70C1B1009BF144 /* bb.jpg in Resources */,
				3EDA246B1B573FC9009CCD25 /* icon_refresh.png in Resources */,
				3E19CEE01B954E9F007080FA /* Shop.png in Resources */,
				3E2623D61B590F2800E8A4C4 /* load_02.png in Resources */,
				3E2623D71B590F2800E8A4C4 /* load_03.png in Resources */,
				3E39A1981B70CB81009BF144 /* cc.jpg in Resources */,
				3EA9CA851B5CD0160035A609 /* loading.png in Resources */,
				3E1AD4821B8DA00300EB38A2 /* person_icon.png in Resources */,
				3E2623D51B590F2800E8A4C4 /* load_01.png in Resources */,
				3ECFCE331B4F7C7700A2C12E /* Images.xcassets in Resources */,
				3E5159CE1B93E9FC00C4B385 /* HowToPlay.png in Resources */,
			);
			runOnlyForDeploymentPostprocessing = 0;
		};
		3ECFCE391B4F7C7700A2C12E /* Resources */ = {
			isa = PBXResourcesBuildPhase;
			buildActionMask = 2147483647;
			files = (
			);
			runOnlyForDeploymentPostprocessing = 0;
		};
/* End PBXResourcesBuildPhase section */

/* Begin PBXSourcesBuildPhase section */
		3ECFCE221B4F7C7700A2C12E /* Sources */ = {
			isa = PBXSourcesBuildPhase;
			buildActionMask = 2147483647;
			files = (
				3E1AD47D1B8D686D00EB38A2 /* UIImageView+HighlightedWebCache.m in Sources */,
				3E1AD4741B8D686D00EB38A2 /* SDWebImageDecoder.m in Sources */,
				3E1AD47E1B8D686D00EB38A2 /* UIImageView+WebCache.m in Sources */,
				3E39A1921B70A23D009BF144 /* SlideImage.swift in Sources */,
				3E1AD4761B8D686D00EB38A2 /* SDWebImageDownloaderOperation.m in Sources */,
				3E1AD4771B8D686D00EB38A2 /* SDWebImageManager.m in Sources */,
				3EA9CA871B5CD7740035A609 /* LoadingController.swift in Sources */,
				3ECFCE2E1B4F7C7700A2C12E /* ViewController.swift in Sources */,
				3E1AD4751B8D686D00EB38A2 /* SDWebImageDownloader.m in Sources */,
				3E1AD4701B8D686D00EB38A2 /* MKAnnotationView+WebCache.m in Sources */,
				3E1AD4731B8D686D00EB38A2 /* SDWebImageCompat.m in Sources */,
				3E1AD4781B8D686D00EB38A2 /* SDWebImagePrefetcher.m in Sources */,
				3E1AD47F1B8D686D00EB38A2 /* UIView+WebCacheOperation.m in Sources */,
				3E1AD47B1B8D686D00EB38A2 /* UIImage+MultiFormat.m in Sources */,
				3ECFCE2C1B4F7C7700A2C12E /* AppDelegate.swift in Sources */,
				3EC611401B54EC520084C403 /* MenuTranform.swift in Sources */,
				3E1AD4791B8D686D00EB38A2 /* UIButton+WebCache.m in Sources */,
				3EC5A5471B8C0A810007BB76 /* SlideCollectionView.swift in Sources */,
				3E1AD4721B8D686D00EB38A2 /* SDImageCache.m in Sources */,
				3EDA246D1B57403F009CCD25 /* RotationController.swift in Sources */,
				3EAB56C91B68B1E5002F105D /* EffectButton.swift in Sources */,
				3ECA5FF61B58BBB9009B260B /* PullToRefreshController.swift in Sources */,
				3E1AD47A1B8D686D00EB38A2 /* UIImage+GIF.m in Sources */,
				3E1AD4711B8D686D00EB38A2 /* NSData+ImageContentType.m in Sources */,
				3E1AD47C1B8D686D00EB38A2 /* UIImage+WebP.m in Sources */,
				3EAF47CA1B93E53D00227B19 /* MenuItems.swift in Sources */,
			);
			runOnlyForDeploymentPostprocessing = 0;
		};
		3ECFCE371B4F7C7700A2C12E /* Sources */ = {
			isa = PBXSourcesBuildPhase;
			buildActionMask = 2147483647;
			files = (
				3ECFCE421B4F7C7700A2C12E /* BehaviorUIKitTests.swift in Sources */,
			);
			runOnlyForDeploymentPostprocessing = 0;
		};
/* End PBXSourcesBuildPhase section */

/* Begin PBXTargetDependency section */
		3ECFCE3D1B4F7C7700A2C12E /* PBXTargetDependency */ = {
			isa = PBXTargetDependency;
			target = 3ECFCE251B4F7C7700A2C12E /* BehaviorUIKit */;
			targetProxy = 3ECFCE3C1B4F7C7700A2C12E /* PBXContainerItemProxy */;
		};
/* End PBXTargetDependency section */

/* Begin PBXVariantGroup section */
		3ECFCE2F1B4F7C7700A2C12E /* Main.storyboard */ = {
			isa = PBXVariantGroup;
			children = (
				3ECFCE301B4F7C7700A2C12E /* Base */,
			);
			name = Main.storyboard;
			sourceTree = "<group>";
		};
		3ECFCE341B4F7C7700A2C12E /* LaunchScreen.xib */ = {
			isa = PBXVariantGroup;
			children = (
				3ECFCE351B4F7C7700A2C12E /* Base */,
			);
			name = LaunchScreen.xib;
			sourceTree = "<group>";
		};
/* End PBXVariantGroup section */

/* Begin XCBuildConfiguration section */
		3ECFCE431B4F7C7700A2C12E /* Debug */ = {
			isa = XCBuildConfiguration;
			buildSettings = {
				ALWAYS_SEARCH_USER_PATHS = NO;
				CLANG_CXX_LANGUAGE_STANDARD = "gnu++0x";
				CLANG_CXX_LIBRARY = "libc++";
				CLANG_ENABLE_MODULES = YES;
				CLANG_ENABLE_OBJC_ARC = YES;
				CLANG_WARN_BOOL_CONVERSION = YES;
				CLANG_WARN_CONSTANT_CONVERSION = YES;
				CLANG_WARN_DIRECT_OBJC_ISA_USAGE = YES_ERROR;
				CLANG_WARN_EMPTY_BODY = YES;
				CLANG_WARN_ENUM_CONVERSION = YES;
				CLANG_WARN_INT_CONVERSION = YES;
				CLANG_WARN_OBJC_ROOT_CLASS = YES_ERROR;
				CLANG_WARN_UNREACHABLE_CODE = YES;
				CLANG_WARN__DUPLICATE_METHOD_MATCH = YES;
				"CODE_SIGN_IDENTITY[sdk=iphoneos*]" = "iPhone Developer";
				COPY_PHASE_STRIP = NO;
				DEBUG_INFORMATION_FORMAT = "dwarf-with-dsym";
				ENABLE_STRICT_OBJC_MSGSEND = YES;
				GCC_C_LANGUAGE_STANDARD = gnu99;
				GCC_DYNAMIC_NO_PIC = NO;
				GCC_NO_COMMON_BLOCKS = YES;
				GCC_OPTIMIZATION_LEVEL = 0;
				GCC_PREPROCESSOR_DEFINITIONS = (
					"DEBUG=1",
					"$(inherited)",
				);
				GCC_SYMBOLS_PRIVATE_EXTERN = NO;
				GCC_WARN_64_TO_32_BIT_CONVERSION = YES;
				GCC_WARN_ABOUT_RETURN_TYPE = YES_ERROR;
				GCC_WARN_UNDECLARED_SELECTOR = YES;
				GCC_WARN_UNINITIALIZED_AUTOS = YES_AGGRESSIVE;
				GCC_WARN_UNUSED_FUNCTION = YES;
				GCC_WARN_UNUSED_VARIABLE = YES;
				IPHONEOS_DEPLOYMENT_TARGET = 8.3;
				MTL_ENABLE_DEBUG_INFO = YES;
				ONLY_ACTIVE_ARCH = YES;
				SDKROOT = iphoneos;
				SWIFT_OPTIMIZATION_LEVEL = "-Onone";
			};
			name = Debug;
		};
		3ECFCE441B4F7C7700A2C12E /* Release */ = {
			isa = XCBuildConfiguration;
			buildSettings = {
				ALWAYS_SEARCH_USER_PATHS = NO;
				CLANG_CXX_LANGUAGE_STANDARD = "gnu++0x";
				CLANG_CXX_LIBRARY = "libc++";
				CLANG_ENABLE_MODULES = YES;
				CLANG_ENABLE_OBJC_ARC = YES;
				CLANG_WARN_BOOL_CONVERSION = YES;
				CLANG_WARN_CONSTANT_CONVERSION = YES;
				CLANG_WARN_DIRECT_OBJC_ISA_USAGE = YES_ERROR;
				CLANG_WARN_EMPTY_BODY = YES;
				CLANG_WARN_ENUM_CONVERSION = YES;
				CLANG_WARN_INT_CONVERSION = YES;
				CLANG_WARN_OBJC_ROOT_CLASS = YES_ERROR;
				CLANG_WARN_UNREACHABLE_CODE = YES;
				CLANG_WARN__DUPLICATE_METHOD_MATCH = YES;
				"CODE_SIGN_IDENTITY[sdk=iphoneos*]" = "iPhone Developer";
				COPY_PHASE_STRIP = NO;
				DEBUG_INFORMATION_FORMAT = "dwarf-with-dsym";
				ENABLE_NS_ASSERTIONS = NO;
				ENABLE_STRICT_OBJC_MSGSEND = YES;
				GCC_C_LANGUAGE_STANDARD = gnu99;
				GCC_NO_COMMON_BLOCKS = YES;
				GCC_WARN_64_TO_32_BIT_CONVERSION = YES;
				GCC_WARN_ABOUT_RETURN_TYPE = YES_ERROR;
				GCC_WARN_UNDECLARED_SELECTOR = YES;
				GCC_WARN_UNINITIALIZED_AUTOS = YES_AGGRESSIVE;
				GCC_WARN_UNUSED_FUNCTION = YES;
				GCC_WARN_UNUSED_VARIABLE = YES;
				IPHONEOS_DEPLOYMENT_TARGET = 8.3;
				MTL_ENABLE_DEBUG_INFO = NO;
				SDKROOT = iphoneos;
				VALIDATE_PRODUCT = YES;
			};
			name = Release;
		};
		3ECFCE461B4F7C7700A2C12E /* Debug */ = {
			isa = XCBuildConfiguration;
			buildSettings = {
				ASSETCATALOG_COMPILER_APPICON_NAME = AppIcon;
				GCC_PREPROCESSOR_DEFINITIONS = "";
				INFOPLIST_FILE = BehaviorUIKit/Info.plist;
				IPHONEOS_DEPLOYMENT_TARGET = 8.2;
				LD_RUNPATH_SEARCH_PATHS = "$(inherited) @executable_path/Frameworks";
				OTHER_SWIFT_FLAGS = "-D _DEBUG_";
				PRODUCT_NAME = "$(TARGET_NAME)";
				SWIFT_OBJC_BRIDGING_HEADER = "BehaviorUIKit/BehaviorUIKit-Bridging-Header.h";
			};
			name = Debug;
		};
		3ECFCE471B4F7C7700A2C12E /* Release */ = {
			isa = XCBuildConfiguration;
			buildSettings = {
				ASSETCATALOG_COMPILER_APPICON_NAME = AppIcon;
				INFOPLIST_FILE = BehaviorUIKit/Info.plist;
				IPHONEOS_DEPLOYMENT_TARGET = 8.2;
				LD_RUNPATH_SEARCH_PATHS = "$(inherited) @executable_path/Frameworks";
				PRODUCT_NAME = "$(TARGET_NAME)";
				SWIFT_OBJC_BRIDGING_HEADER = "BehaviorUIKit/BehaviorUIKit-Bridging-Header.h";
			};
			name = Release;
		};
		3ECFCE491B4F7C7700A2C12E /* Debug */ = {
			isa = XCBuildConfiguration;
			buildSettings = {
				BUNDLE_LOADER = "$(TEST_HOST)";
				FRAMEWORK_SEARCH_PATHS = (
					"$(SDKROOT)/Developer/Library/Frameworks",
					"$(inherited)",
				);
				GCC_PREPROCESSOR_DEFINITIONS = (
					"DEBUG=1",
					"$(inherited)",
				);
				INFOPLIST_FILE = BehaviorUIKitTests/Info.plist;
				LD_RUNPATH_SEARCH_PATHS = "$(inherited) @executable_path/Frameworks @loader_path/Frameworks";
				PRODUCT_NAME = "$(TARGET_NAME)";
				TEST_HOST = "$(BUILT_PRODUCTS_DIR)/BehaviorUIKit.app/BehaviorUIKit";
			};
			name = Debug;
		};
		3ECFCE4A1B4F7C7700A2C12E /* Release */ = {
			isa = XCBuildConfiguration;
			buildSettings = {
				BUNDLE_LOADER = "$(TEST_HOST)";
				FRAMEWORK_SEARCH_PATHS = (
					"$(SDKROOT)/Developer/Library/Frameworks",
					"$(inherited)",
				);
				INFOPLIST_FILE = BehaviorUIKitTests/Info.plist;
				LD_RUNPATH_SEARCH_PATHS = "$(inherited) @executable_path/Frameworks @loader_path/Frameworks";
				PRODUCT_NAME = "$(TARGET_NAME)";
				TEST_HOST = "$(BUILT_PRODUCTS_DIR)/BehaviorUIKit.app/BehaviorUIKit";
			};
			name = Release;
		};
/* End XCBuildConfiguration section */

/* Begin XCConfigurationList section */
		3ECFCE211B4F7C7700A2C12E /* Build configuration list for PBXProject "BehaviorUIKit" */ = {
			isa = XCConfigurationList;
			buildConfigurations = (
				3ECFCE431B4F7C7700A2C12E /* Debug */,
				3ECFCE441B4F7C7700A2C12E /* Release */,
			);
			defaultConfigurationIsVisible = 0;
			defaultConfigurationName = Release;
		};
		3ECFCE451B4F7C7700A2C12E /* Build configuration list for PBXNativeTarget "BehaviorUIKit" */ = {
			isa = XCConfigurationList;
			buildConfigurations = (
				3ECFCE461B4F7C7700A2C12E /* Debug */,
				3ECFCE471B4F7C7700A2C12E /* Release */,
			);
			defaultConfigurationIsVisible = 0;
			defaultConfigurationName = Release;
		};
		3ECFCE481B4F7C7700A2C12E /* Build configuration list for PBXNativeTarget "BehaviorUIKitTests" */ = {
			isa = XCConfigurationList;
			buildConfigurations = (
				3ECFCE491B4F7C7700A2C12E /* Debug */,
				3ECFCE4A1B4F7C7700A2C12E /* Release */,
			);
			defaultConfigurationIsVisible = 0;
			defaultConfigurationName = Release;
		};
/* End XCConfigurationList section */
	};
	rootObject = 3ECFCE1E1B4F7C7700A2C12E /* Project object */;
}
